# generated by rye
# use `rye lock` or `rye sync` to update this lockfile
#
# last locked with the following flags:
#   pre: false
#   features: []
#   all-features: false
#   with-sources: false
#   generate-hashes: false
#   universal: false

-e file:.
basedpyright==1.28.1
nodejs-wheel-binaries==22.14.0
    # via basedpyright
ruff==0.9.10
uv==0.6.5
